
Microsoft Visual Studio Solution File, Format Version 12.00
# Visual Studio Version 16
VisualStudioVersion = 16.0.30804.86
MinimumVisualStudioVersion = 10.0.40219.1
Project("{FAE04EC0-301F-11D3-BF4B-00C04F79EFBC}") = "DDFight", "DDFight\DDFight.csproj", "{1C1DB3C2-0DB0-40D2-A950-0F4083D1EC03}"
EndProject
Project("{FAE04EC0-301F-11D3-BF4B-00C04F79EFBC}") = "SandBox", "SandBox\SandBox.csproj", "{23E4798D-10DE-41F9-B5EC-72F2634DF188}"
EndProject
Project("{54435603-DBB4-11D2-8724-00A0C9A8B90C}") = "DDFightInstaller", "DDFightInstaller\DDFightInstaller.vdproj", "{5F33B852-665D-40CA-9812-573CEE34ED9C}"
EndProject
Project("{FAE04EC0-301F-11D3-BF4B-00C04F79EFBC}") = "WpfSandbox", "WpfSandbox\WpfSandbox.csproj", "{39AF7849-547C-433E-8E5F-A0ED601BEEDD}"
EndProject
Global
	GlobalSection(SolutionConfigurationPlatforms) = preSolution
		Debug|Any CPU = Debug|Any CPU
		Release|Any CPU = Release|Any CPU
	EndGlobalSection
	GlobalSection(ProjectConfigurationPlatforms) = postSolution
		{1C1DB3C2-0DB0-40D2-A950-0F4083D1EC03}.Debug|Any CPU.ActiveCfg = Debug|Any CPU
		{1C1DB3C2-0DB0-40D2-A950-0F4083D1EC03}.Debug|Any CPU.Build.0 = Debug|Any CPU
		{1C1DB3C2-0DB0-40D2-A950-0F4083D1EC03}.Release|Any CPU.ActiveCfg = Release|Any CPU
		{1C1DB3C2-0DB0-40D2-A950-0F4083D1EC03}.Release|Any CPU.Build.0 = Release|Any CPU
		{23E4798D-10DE-41F9-B5EC-72F2634DF188}.Debug|Any CPU.ActiveCfg = Debug|Any CPU
		{23E4798D-10DE-41F9-B5EC-72F2634DF188}.Debug|Any CPU.Build.0 = Debug|Any CPU
		{23E4798D-10DE-41F9-B5EC-72F2634DF188}.Release|Any CPU.ActiveCfg = Release|Any CPU
		{23E4798D-10DE-41F9-B5EC-72F2634DF188}.Release|Any CPU.Build.0 = Release|Any CPU
		{5F33B852-665D-40CA-9812-573CEE34ED9C}.Debug|Any CPU.ActiveCfg = Debug
		{5F33B852-665D-40CA-9812-573CEE34ED9C}.Release|Any CPU.ActiveCfg = Release
		{39AF7849-547C-433E-8E5F-A0ED601BEEDD}.Debug|Any CPU.ActiveCfg = Debug|Any CPU
		{39AF7849-547C-433E-8E5F-A0ED601BEEDD}.Debug|Any CPU.Build.0 = Debug|Any CPU
		{39AF7849-547C-433E-8E5F-A0ED601BEEDD}.Release|Any CPU.ActiveCfg = Release|Any CPU
		{39AF7849-547C-433E-8E5F-A0ED601BEEDD}.Release|Any CPU.Build.0 = Release|Any CPU
	EndGlobalSection
	GlobalSection(SolutionProperties) = preSolution
		HideSolutionNode = FALSE
	EndGlobalSection
	GlobalSection(ExtensibilityGlobals) = postSolution
		SolutionGuid = {F8776D48-9364-451F-A109-DEC06C052232}
	EndGlobalSection
EndGlobal
