
Microsoft Visual Studio Solution File, Format Version 12.00
# Visual Studio Version 16
VisualStudioVersion = 16.0.30804.86
MinimumVisualStudioVersion = 10.0.40219.1
Project("{FAE04EC0-301F-11D3-BF4B-00C04F79EFBC}") = "[30]-DDFight", "DDFight\[30]-DDFight.csproj", "{1C1DB3C2-0DB0-40D2-A950-0F4083D1EC03}"
EndProject
Project("{FAE04EC0-301F-11D3-BF4B-00C04F79EFBC}") = "[90]-SandBox", "SandBox\[90]-SandBox.csproj", "{23E4798D-10DE-41F9-B5EC-72F2634DF188}"
EndProject
Project("{FAE04EC0-301F-11D3-BF4B-00C04F79EFBC}") = "[91]-WpfSandbox", "WpfSandbox\[91]-WpfSandbox.csproj", "{39AF7849-547C-433E-8E5F-A0ED601BEEDD}"
EndProject
Project("{9A19103F-16F7-4668-BE54-9A1E7A4F7556}") = "[0]-CoreUnitTest", "CoreUnitTest\[0]-CoreUnitTest.csproj", "{0DA284E3-07B4-46E4-BD95-AF20DC56C4BA}"
EndProject
Project("{2150E333-8FDC-42A3-9474-1A3956D46DE8}") = "Solution Items", "Solution Items", "{DA79249B-525D-4E01-9D95-B5671722F541}"
	ProjectSection(SolutionItems) = preProject
		README.md = README.md
	EndProjectSection
EndProject
Project("{FAE04EC0-301F-11D3-BF4B-00C04F79EFBC}") = "[20]-WpfCustomControlLibrary", "WpfCustomControlLibrary\[20]-WpfCustomControlLibrary.csproj", "{3578FCFC-1A40-45B7-B2B8-7EECC3F8D6CF}"
EndProject
Project("{FAE04EC0-301F-11D3-BF4B-00C04F79EFBC}") = "[10]-BaseToolsLibrary", "BaseToolsLibrary\[10]-BaseToolsLibrary.csproj", "{47D47E7E-85C8-4A4E-91D5-019E64072B1E}"
EndProject
Project("{FAE04EC0-301F-11D3-BF4B-00C04F79EFBC}") = "[11]-WpfToolsLibrary", "WpfToolsLibrary\[11]-WpfToolsLibrary.csproj", "{84709264-0A0B-4C58-A52F-BA8ADE84AB74}"
EndProject
Project("{FAE04EC0-301F-11D3-BF4B-00C04F79EFBC}") = "[21]-WpfDnDCustomControlLibrary", "WpfDnDCustomControlLibrary\[21]-WpfDnDCustomControlLibrary.csproj", "{990B5507-D231-4543-BF34-EE5A7342C3E3}"
EndProject
Project("{FAE04EC0-301F-11D3-BF4B-00C04F79EFBC}") = "[12]-DnDToolsLibrary", "DnDToolsLibrary\[12]-DnDToolsLibrary.csproj", "{1BAE42FC-3797-4566-B2D7-C230077F4AE3}"
EndProject
Project("{FAE04EC0-301F-11D3-BF4B-00C04F79EFBC}") = "[29]-WpfDnDQueryHandlers", "WpfDnDCommandHandlers\[29]-WpfDnDQueryHandlers.csproj", "{BC3A9F4D-044E-41F4-9303-40F2C29E1C6A}"
EndProject
Global
	GlobalSection(SolutionConfigurationPlatforms) = preSolution
		Debug|Any CPU = Debug|Any CPU
		Release|Any CPU = Release|Any CPU
	EndGlobalSection
	GlobalSection(ProjectConfigurationPlatforms) = postSolution
		{1C1DB3C2-0DB0-40D2-A950-0F4083D1EC03}.Debug|Any CPU.ActiveCfg = Debug|Any CPU
		{1C1DB3C2-0DB0-40D2-A950-0F4083D1EC03}.Debug|Any CPU.Build.0 = Debug|Any CPU
		{1C1DB3C2-0DB0-40D2-A950-0F4083D1EC03}.Release|Any CPU.ActiveCfg = Release|Any CPU
		{1C1DB3C2-0DB0-40D2-A950-0F4083D1EC03}.Release|Any CPU.Build.0 = Release|Any CPU
		{23E4798D-10DE-41F9-B5EC-72F2634DF188}.Debug|Any CPU.ActiveCfg = Debug|Any CPU
		{23E4798D-10DE-41F9-B5EC-72F2634DF188}.Debug|Any CPU.Build.0 = Debug|Any CPU
		{23E4798D-10DE-41F9-B5EC-72F2634DF188}.Release|Any CPU.ActiveCfg = Release|Any CPU
		{23E4798D-10DE-41F9-B5EC-72F2634DF188}.Release|Any CPU.Build.0 = Release|Any CPU
		{39AF7849-547C-433E-8E5F-A0ED601BEEDD}.Debug|Any CPU.ActiveCfg = Debug|Any CPU
		{39AF7849-547C-433E-8E5F-A0ED601BEEDD}.Debug|Any CPU.Build.0 = Debug|Any CPU
		{39AF7849-547C-433E-8E5F-A0ED601BEEDD}.Release|Any CPU.ActiveCfg = Release|Any CPU
		{39AF7849-547C-433E-8E5F-A0ED601BEEDD}.Release|Any CPU.Build.0 = Release|Any CPU
		{0DA284E3-07B4-46E4-BD95-AF20DC56C4BA}.Debug|Any CPU.ActiveCfg = Debug|Any CPU
		{0DA284E3-07B4-46E4-BD95-AF20DC56C4BA}.Debug|Any CPU.Build.0 = Debug|Any CPU
		{0DA284E3-07B4-46E4-BD95-AF20DC56C4BA}.Release|Any CPU.ActiveCfg = Release|Any CPU
		{0DA284E3-07B4-46E4-BD95-AF20DC56C4BA}.Release|Any CPU.Build.0 = Release|Any CPU
		{3578FCFC-1A40-45B7-B2B8-7EECC3F8D6CF}.Debug|Any CPU.ActiveCfg = Debug|Any CPU
		{3578FCFC-1A40-45B7-B2B8-7EECC3F8D6CF}.Debug|Any CPU.Build.0 = Debug|Any CPU
		{3578FCFC-1A40-45B7-B2B8-7EECC3F8D6CF}.Release|Any CPU.ActiveCfg = Release|Any CPU
		{3578FCFC-1A40-45B7-B2B8-7EECC3F8D6CF}.Release|Any CPU.Build.0 = Release|Any CPU
		{47D47E7E-85C8-4A4E-91D5-019E64072B1E}.Debug|Any CPU.ActiveCfg = Debug|Any CPU
		{47D47E7E-85C8-4A4E-91D5-019E64072B1E}.Debug|Any CPU.Build.0 = Debug|Any CPU
		{47D47E7E-85C8-4A4E-91D5-019E64072B1E}.Release|Any CPU.ActiveCfg = Release|Any CPU
		{47D47E7E-85C8-4A4E-91D5-019E64072B1E}.Release|Any CPU.Build.0 = Release|Any CPU
		{84709264-0A0B-4C58-A52F-BA8ADE84AB74}.Debug|Any CPU.ActiveCfg = Debug|Any CPU
		{84709264-0A0B-4C58-A52F-BA8ADE84AB74}.Debug|Any CPU.Build.0 = Debug|Any CPU
		{84709264-0A0B-4C58-A52F-BA8ADE84AB74}.Release|Any CPU.ActiveCfg = Release|Any CPU
		{84709264-0A0B-4C58-A52F-BA8ADE84AB74}.Release|Any CPU.Build.0 = Release|Any CPU
		{990B5507-D231-4543-BF34-EE5A7342C3E3}.Debug|Any CPU.ActiveCfg = Debug|Any CPU
		{990B5507-D231-4543-BF34-EE5A7342C3E3}.Debug|Any CPU.Build.0 = Debug|Any CPU
		{990B5507-D231-4543-BF34-EE5A7342C3E3}.Release|Any CPU.ActiveCfg = Release|Any CPU
		{990B5507-D231-4543-BF34-EE5A7342C3E3}.Release|Any CPU.Build.0 = Release|Any CPU
		{1BAE42FC-3797-4566-B2D7-C230077F4AE3}.Debug|Any CPU.ActiveCfg = Debug|Any CPU
		{1BAE42FC-3797-4566-B2D7-C230077F4AE3}.Debug|Any CPU.Build.0 = Debug|Any CPU
		{1BAE42FC-3797-4566-B2D7-C230077F4AE3}.Release|Any CPU.ActiveCfg = Release|Any CPU
		{1BAE42FC-3797-4566-B2D7-C230077F4AE3}.Release|Any CPU.Build.0 = Release|Any CPU
		{BC3A9F4D-044E-41F4-9303-40F2C29E1C6A}.Debug|Any CPU.ActiveCfg = Debug|Any CPU
		{BC3A9F4D-044E-41F4-9303-40F2C29E1C6A}.Debug|Any CPU.Build.0 = Debug|Any CPU
		{BC3A9F4D-044E-41F4-9303-40F2C29E1C6A}.Release|Any CPU.ActiveCfg = Release|Any CPU
		{BC3A9F4D-044E-41F4-9303-40F2C29E1C6A}.Release|Any CPU.Build.0 = Release|Any CPU
	EndGlobalSection
	GlobalSection(SolutionProperties) = preSolution
		HideSolutionNode = FALSE
	EndGlobalSection
	GlobalSection(ExtensibilityGlobals) = postSolution
		SolutionGuid = {F8776D48-9364-451F-A109-DEC06C052232}
	EndGlobalSection
EndGlobal
